# This file is generated by running "yarn install" inside your project.
# Manual changes might be lost - proceed with caution!

__metadata:
  version: 8
  cacheKey: 10c0

"@borewit/text-codec@npm:^0.1.0":
  version: 0.1.1
  resolution: "@borewit/text-codec@npm:0.1.1"
  checksum: 10c0/c92606b355111053f9db47d485c8679cc09a5be0eb2738aad5b922d3744465f2fce47144ffb27d5106fa431d1d2e5a2e0140d0a22351dccf49693098702c0274
  languageName: node
  linkType: hard

"@borewit/text-codec@npm:^0.2.0":
  version: 0.2.0
  resolution: "@borewit/text-codec@npm:0.2.0"
  checksum: 10c0/831a96fcd15eb9f8f5390f95a1dccb1c28e2aea7b5cbf17ac8606091d6934bb10a560daa13bca4572cb0a09e19cfefd9e12ca7a29d95d5a330b3f5b9e1dbb005
  languageName: node
  linkType: hard

"@cacheable/node-cache@npm:^1.4.0":
  version: 1.7.0
  resolution: "@cacheable/node-cache@npm:1.7.0"
  dependencies:
    cacheable: "npm:^1.10.4"
    hookified: "npm:^1.11.0"
    keyv: "npm:^5.5.0"
  checksum: 10c0/8ceb28d3d735486d190d59868d38b8274f42017c50214ed844682be9e23e5caf2adf7d753a325cf77a132f92b28b7e3eb2cfc4c63534b83d57c34262368dc216
  languageName: node
  linkType: hard

"@emnapi/runtime@npm:^1.4.4":
  version: 1.5.0
  resolution: "@emnapi/runtime@npm:1.5.0"
  dependencies:
    tslib: "npm:^2.4.0"
  checksum: 10c0/a85c9fc4e3af49cbe41e5437e5be2551392a931910cd0a5b5d3572532786927810c9cc1db11b232ec8f9657b33d4e6f7c4f985f1a052917d7cd703b5b2a20faa
  languageName: node
  linkType: hard

"@hapi/boom@npm:^9.1.3":
  version: 9.1.4
  resolution: "@hapi/boom@npm:9.1.4"
  dependencies:
    "@hapi/hoek": "npm:9.x.x"
  checksum: 10c0/49bb99443e7bdbbdc87ee8de97cd64351e173b57d7c59061c69972d2de77fb98f2f440c1be42b37e1ac04f57c60fbb79f8fd3e9e5695360add560c37e2d584db
  languageName: node
  linkType: hard

"@hapi/hoek@npm:9.x.x":
  version: 9.3.0
  resolution: "@hapi/hoek@npm:9.3.0"
  checksum: 10c0/a096063805051fb8bba4c947e293c664b05a32b47e13bc654c0dd43813a1cec993bdd8f29ceb838020299e1d0f89f68dc0d62a603c13c9cc8541963f0beca055
  languageName: node
  linkType: hard

"@img/sharp-darwin-arm64@npm:0.34.3":
  version: 0.34.3
  resolution: "@img/sharp-darwin-arm64@npm:0.34.3"
  dependencies:
    "@img/sharp-libvips-darwin-arm64": "npm:1.2.0"
  dependenciesMeta:
    "@img/sharp-libvips-darwin-arm64":
      optional: true
  conditions: os=darwin & cpu=arm64
  languageName: node
  linkType: hard

"@img/sharp-darwin-x64@npm:0.34.3":
  version: 0.34.3
  resolution: "@img/sharp-darwin-x64@npm:0.34.3"
  dependencies:
    "@img/sharp-libvips-darwin-x64": "npm:1.2.0"
  dependenciesMeta:
    "@img/sharp-libvips-darwin-x64":
      optional: true
  conditions: os=darwin & cpu=x64
  languageName: node
  linkType: hard

"@img/sharp-libvips-darwin-arm64@npm:1.2.0":
  version: 1.2.0
  resolution: "@img/sharp-libvips-darwin-arm64@npm:1.2.0"
  conditions: os=darwin & cpu=arm64
  languageName: node
  linkType: hard

"@img/sharp-libvips-darwin-x64@npm:1.2.0":
  version: 1.2.0
  resolution: "@img/sharp-libvips-darwin-x64@npm:1.2.0"
  conditions: os=darwin & cpu=x64
  languageName: node
  linkType: hard

"@img/sharp-libvips-linux-arm64@npm:1.2.0":
  version: 1.2.0
  resolution: "@img/sharp-libvips-linux-arm64@npm:1.2.0"
  conditions: os=linux & cpu=arm64 & libc=glibc
  languageName: node
  linkType: hard

"@img/sharp-libvips-linux-arm@npm:1.2.0":
  version: 1.2.0
  resolution: "@img/sharp-libvips-linux-arm@npm:1.2.0"
  conditions: os=linux & cpu=arm & libc=glibc
  languageName: node
  linkType: hard

"@img/sharp-libvips-linux-ppc64@npm:1.2.0":
  version: 1.2.0
  resolution: "@img/sharp-libvips-linux-ppc64@npm:1.2.0"
  conditions: os=linux & cpu=ppc64 & libc=glibc
  languageName: node
  linkType: hard

"@img/sharp-libvips-linux-s390x@npm:1.2.0":
  version: 1.2.0
  resolution: "@img/sharp-libvips-linux-s390x@npm:1.2.0"
  conditions: os=linux & cpu=s390x & libc=glibc
  languageName: node
  linkType: hard

"@img/sharp-libvips-linux-x64@npm:1.2.0":
  version: 1.2.0
  resolution: "@img/sharp-libvips-linux-x64@npm:1.2.0"
  conditions: os=linux & cpu=x64 & libc=glibc
  languageName: node
  linkType: hard

"@img/sharp-libvips-linuxmusl-arm64@npm:1.2.0":
  version: 1.2.0
  resolution: "@img/sharp-libvips-linuxmusl-arm64@npm:1.2.0"
  conditions: os=linux & cpu=arm64 & libc=musl
  languageName: node
  linkType: hard

"@img/sharp-libvips-linuxmusl-x64@npm:1.2.0":
  version: 1.2.0
  resolution: "@img/sharp-libvips-linuxmusl-x64@npm:1.2.0"
  conditions: os=linux & cpu=x64 & libc=musl
  languageName: node
  linkType: hard

"@img/sharp-linux-arm64@npm:0.34.3":
  version: 0.34.3
  resolution: "@img/sharp-linux-arm64@npm:0.34.3"
  dependencies:
    "@img/sharp-libvips-linux-arm64": "npm:1.2.0"
  dependenciesMeta:
    "@img/sharp-libvips-linux-arm64":
      optional: true
  conditions: os=linux & cpu=arm64 & libc=glibc
  languageName: node
  linkType: hard

"@img/sharp-linux-arm@npm:0.34.3":
  version: 0.34.3
  resolution: "@img/sharp-linux-arm@npm:0.34.3"
  dependencies:
    "@img/sharp-libvips-linux-arm": "npm:1.2.0"
  dependenciesMeta:
    "@img/sharp-libvips-linux-arm":
      optional: true
  conditions: os=linux & cpu=arm & libc=glibc
  languageName: node
  linkType: hard

"@img/sharp-linux-ppc64@npm:0.34.3":
  version: 0.34.3
  resolution: "@img/sharp-linux-ppc64@npm:0.34.3"
  dependencies:
    "@img/sharp-libvips-linux-ppc64": "npm:1.2.0"
  dependenciesMeta:
    "@img/sharp-libvips-linux-ppc64":
      optional: true
  conditions: os=linux & cpu=ppc64 & libc=glibc
  languageName: node
  linkType: hard

"@img/sharp-linux-s390x@npm:0.34.3":
  version: 0.34.3
  resolution: "@img/sharp-linux-s390x@npm:0.34.3"
  dependencies:
    "@img/sharp-libvips-linux-s390x": "npm:1.2.0"
  dependenciesMeta:
    "@img/sharp-libvips-linux-s390x":
      optional: true
  conditions: os=linux & cpu=s390x & libc=glibc
  languageName: node
  linkType: hard

"@img/sharp-linux-x64@npm:0.34.3":
  version: 0.34.3
  resolution: "@img/sharp-linux-x64@npm:0.34.3"
  dependencies:
    "@img/sharp-libvips-linux-x64": "npm:1.2.0"
  dependenciesMeta:
    "@img/sharp-libvips-linux-x64":
      optional: true
  conditions: os=linux & cpu=x64 & libc=glibc
  languageName: node
  linkType: hard

"@img/sharp-linuxmusl-arm64@npm:0.34.3":
  version: 0.34.3
  resolution: "@img/sharp-linuxmusl-arm64@npm:0.34.3"
  dependencies:
    "@img/sharp-libvips-linuxmusl-arm64": "npm:1.2.0"
  dependenciesMeta:
    "@img/sharp-libvips-linuxmusl-arm64":
      optional: true
  conditions: os=linux & cpu=arm64 & libc=musl
  languageName: node
  linkType: hard

"@img/sharp-linuxmusl-x64@npm:0.34.3":
  version: 0.34.3
  resolution: "@img/sharp-linuxmusl-x64@npm:0.34.3"
  dependencies:
    "@img/sharp-libvips-linuxmusl-x64": "npm:1.2.0"
  dependenciesMeta:
    "@img/sharp-libvips-linuxmusl-x64":
      optional: true
  conditions: os=linux & cpu=x64 & libc=musl
  languageName: node
  linkType: hard

"@img/sharp-wasm32@npm:0.34.3":
  version: 0.34.3
  resolution: "@img/sharp-wasm32@npm:0.34.3"
  dependencies:
    "@emnapi/runtime": "npm:^1.4.4"
  conditions: cpu=wasm32
  languageName: node
  linkType: hard

"@img/sharp-win32-arm64@npm:0.34.3":
  version: 0.34.3
  resolution: "@img/sharp-win32-arm64@npm:0.34.3"
  conditions: os=win32 & cpu=arm64
  languageName: node
  linkType: hard

"@img/sharp-win32-ia32@npm:0.34.3":
  version: 0.34.3
  resolution: "@img/sharp-win32-ia32@npm:0.34.3"
  conditions: os=win32 & cpu=ia32
  languageName: node
  linkType: hard

"@img/sharp-win32-x64@npm:0.34.3":
  version: 0.34.3
  resolution: "@img/sharp-win32-x64@npm:0.34.3"
  conditions: os=win32 & cpu=x64
  languageName: node
  linkType: hard

"@keyv/serialize@npm:^1.1.0":
  version: 1.1.0
  resolution: "@keyv/serialize@npm:1.1.0"
  checksum: 10c0/30e34adf4fff52374c2c531e3ff215eed6414350ee56eebcb98c422feaff171b4900c73082a72399a6bfbc5ce60fbb6f968594110c960521923499146bc68c20
  languageName: node
  linkType: hard

"@protobufjs/aspromise@npm:^1.1.1, @protobufjs/aspromise@npm:^1.1.2":
  version: 1.1.2
  resolution: "@protobufjs/aspromise@npm:1.1.2"
  checksum: 10c0/a83343a468ff5b5ec6bff36fd788a64c839e48a07ff9f4f813564f58caf44d011cd6504ed2147bf34835bd7a7dd2107052af755961c6b098fd8902b4f6500d0f
  languageName: node
  linkType: hard

"@protobufjs/base64@npm:^1.1.2":
  version: 1.1.2
  resolution: "@protobufjs/base64@npm:1.1.2"
  checksum: 10c0/eec925e681081af190b8ee231f9bad3101e189abbc182ff279da6b531e7dbd2a56f1f306f37a80b1be9e00aa2d271690d08dcc5f326f71c9eed8546675c8caf6
  languageName: node
  linkType: hard

"@protobufjs/codegen@npm:^2.0.4":
  version: 2.0.4
  resolution: "@protobufjs/codegen@npm:2.0.4"
  checksum: 10c0/26ae337c5659e41f091606d16465bbcc1df1f37cc1ed462438b1f67be0c1e28dfb2ca9f294f39100c52161aef82edf758c95d6d75650a1ddf31f7ddee1440b43
  languageName: node
  linkType: hard

"@protobufjs/eventemitter@npm:^1.1.0":
  version: 1.1.0
  resolution: "@protobufjs/eventemitter@npm:1.1.0"
  checksum: 10c0/1eb0a75180e5206d1033e4138212a8c7089a3d418c6dfa5a6ce42e593a4ae2e5892c4ef7421f38092badba4040ea6a45f0928869989411001d8c1018ea9a6e70
  languageName: node
  linkType: hard

"@protobufjs/fetch@npm:^1.1.0":
  version: 1.1.0
  resolution: "@protobufjs/fetch@npm:1.1.0"
  dependencies:
    "@protobufjs/aspromise": "npm:^1.1.1"
    "@protobufjs/inquire": "npm:^1.1.0"
  checksum: 10c0/cda6a3dc2d50a182c5865b160f72077aac197046600091dbb005dd0a66db9cce3c5eaed6d470ac8ed49d7bcbeef6ee5f0bc288db5ff9a70cbd003e5909065233
  languageName: node
  linkType: hard

"@protobufjs/float@npm:^1.0.2":
  version: 1.0.2
  resolution: "@protobufjs/float@npm:1.0.2"
  checksum: 10c0/18f2bdede76ffcf0170708af15c9c9db6259b771e6b84c51b06df34a9c339dbbeec267d14ce0bddd20acc142b1d980d983d31434398df7f98eb0c94a0eb79069
  languageName: node
  linkType: hard

"@protobufjs/inquire@npm:^1.1.0":
  version: 1.1.0
  resolution: "@protobufjs/inquire@npm:1.1.0"
  checksum: 10c0/64372482efcba1fb4d166a2664a6395fa978b557803857c9c03500e0ac1013eb4b1aacc9ed851dd5fc22f81583670b4f4431bae186f3373fedcfde863ef5921a
  languageName: node
  linkType: hard

"@protobufjs/path@npm:^1.1.2":
  version: 1.1.2
  resolution: "@protobufjs/path@npm:1.1.2"
  checksum: 10c0/cece0a938e7f5dfd2fa03f8c14f2f1cf8b0d6e13ac7326ff4c96ea311effd5fb7ae0bba754fbf505312af2e38500250c90e68506b97c02360a43793d88a0d8b4
  languageName: node
  linkType: hard

"@protobufjs/pool@npm:^1.1.0":
  version: 1.1.0
  resolution: "@protobufjs/pool@npm:1.1.0"
  checksum: 10c0/eda2718b7f222ac6e6ad36f758a92ef90d26526026a19f4f17f668f45e0306a5bd734def3f48f51f8134ae0978b6262a5c517c08b115a551756d1a3aadfcf038
  languageName: node
  linkType: hard

"@protobufjs/utf8@npm:^1.1.0":
  version: 1.1.0
  resolution: "@protobufjs/utf8@npm:1.1.0"
  checksum: 10c0/a3fe31fe3fa29aa3349e2e04ee13dc170cc6af7c23d92ad49e3eeaf79b9766264544d3da824dba93b7855bd6a2982fb40032ef40693da98a136d835752beb487
  languageName: node
  linkType: hard

"@tokenizer/inflate@npm:^0.2.7":
  version: 0.2.7
  resolution: "@tokenizer/inflate@npm:0.2.7"
  dependencies:
    debug: "npm:^4.4.0"
    fflate: "npm:^0.8.2"
    token-types: "npm:^6.0.0"
  checksum: 10c0/75bd0c510810dfd62be9d963216b5852cde021e1f8aab43b37662bc6aa75e65fd7277fcab7d463186b55cee36a5b61129916161bdb2a7d18064016156c7daf4f
  languageName: node
  linkType: hard

"@tokenizer/token@npm:^0.3.0":
  version: 0.3.0
  resolution: "@tokenizer/token@npm:0.3.0"
  checksum: 10c0/7ab9a822d4b5ff3f5bca7f7d14d46bdd8432528e028db4a52be7fbf90c7f495cc1af1324691dda2813c6af8dc4b8eb29de3107d4508165f9aa5b53e7d501f155
  languageName: node
  linkType: hard

"@types/long@npm:^4.0.0":
  version: 4.0.2
  resolution: "@types/long@npm:4.0.2"
  checksum: 10c0/42ec66ade1f72ff9d143c5a519a65efc7c1c77be7b1ac5455c530ae9acd87baba065542f8847522af2e3ace2cc999f3ad464ef86e6b7352eece34daf88f8c924
  languageName: node
  linkType: hard

"@types/node@npm:>=13.7.0":
  version: 24.3.1
  resolution: "@types/node@npm:24.3.1"
  dependencies:
    undici-types: "npm:~7.10.0"
  checksum: 10c0/99b86fc32294fcd61136ca1f771026443a1e370e9f284f75e243b29299dd878e18c193deba1ce29a374932db4e30eb80826e1049b9aad02d36f5c30b94b6f928
  languageName: node
  linkType: hard

"@types/node@npm:^10.1.0":
  version: 10.17.60
  resolution: "@types/node@npm:10.17.60"
  checksum: 10c0/0742294912a6e79786cdee9ed77cff6ee8ff007b55d8e21170fc3e5994ad3a8101fea741898091876f8dc32b0a5ae3d64537b7176799e92da56346028d2cbcd2
  languageName: node
  linkType: hard

"ansi-regex@npm:^5.0.1":
  version: 5.0.1
  resolution: "ansi-regex@npm:5.0.1"
  checksum: 10c0/9a64bb8627b434ba9327b60c027742e5d17ac69277960d041898596271d992d4d52ba7267a63ca10232e29f6107fc8a835f6ce8d719b88c5f8493f8254813737
  languageName: node
  linkType: hard

"ansi-styles@npm:^4.0.0":
  version: 4.3.0
  resolution: "ansi-styles@npm:4.3.0"
  dependencies:
    color-convert: "npm:^2.0.1"
  checksum: 10c0/895a23929da416f2bd3de7e9cb4eabd340949328ab85ddd6e484a637d8f6820d485f53933446f5291c3b760cbc488beb8e88573dd0f9c7daf83dccc8fe81b041
  languageName: node
  linkType: hard

"async-mutex@npm:^0.5.0":
  version: 0.5.0
  resolution: "async-mutex@npm:0.5.0"
  dependencies:
    tslib: "npm:^2.4.0"
  checksum: 10c0/9096e6ad6b674c894d8ddd5aa4c512b09bb05931b8746ebd634952b05685608b2b0820ed5c406e6569919ff5fe237ab3c491e6f2887d6da6b6ba906db3ee9c32
  languageName: node
  linkType: hard

"asynckit@npm:^0.4.0":
  version: 0.4.0
  resolution: "asynckit@npm:0.4.0"
  checksum: 10c0/d73e2ddf20c4eb9337e1b3df1a0f6159481050a5de457c55b14ea2e5cb6d90bb69e004c9af54737a5ee0917fcf2c9e25de67777bbe58261847846066ba75bc9d
  languageName: node
  linkType: hard

"atomic-sleep@npm:^1.0.0":
  version: 1.0.0
  resolution: "atomic-sleep@npm:1.0.0"
  checksum: 10c0/e329a6665512736a9bbb073e1761b4ec102f7926cce35037753146a9db9c8104f5044c1662e4a863576ce544fb8be27cd2be6bc8c1a40147d03f31eb1cfb6e8a
  languageName: node
  linkType: hard

"axios@npm:^1.6.0":
  version: 1.11.0
  resolution: "axios@npm:1.11.0"
  dependencies:
    follow-redirects: "npm:^1.15.6"
    form-data: "npm:^4.0.4"
    proxy-from-env: "npm:^1.1.0"
  checksum: 10c0/5de273d33d43058610e4d252f0963cc4f10714da0bfe872e8ef2cbc23c2c999acc300fd357b6bce0fc84a2ca9bd45740fa6bb28199ce2c1266c8b1a393f2b36e
  languageName: node
  linkType: hard

"baileys@npm:^7.0.0-rc.2":
  version: 7.0.0-rc.2
  resolution: "baileys@npm:7.0.0-rc.2"
  dependencies:
    "@cacheable/node-cache": "npm:^1.4.0"
    "@hapi/boom": "npm:^9.1.3"
    async-mutex: "npm:^0.5.0"
    axios: "npm:^1.6.0"
    libsignal: "git+https://github.com/whiskeysockets/libsignal-node.git"
    lru-cache: "npm:^11.1.0"
    music-metadata: "npm:^11.7.0"
    pino: "npm:^9.6"
    protobufjs: "npm:^7.2.4"
    ws: "npm:^8.13.0"
  peerDependencies:
    audio-decode: ^2.1.3
    jimp: ^1.6.0
    link-preview-js: ^3.0.0
    sharp: "*"
  peerDependenciesMeta:
    audio-decode:
      optional: true
    jimp:
      optional: true
    link-preview-js:
      optional: true
  checksum: 10c0/9953b45877924e27ee1e2eac553715e610464df047799e01e74f53dfa902ca3d408382497418337a335e1dbcc716fe065dc116f21a8ac61c033792b4b0763a90
  languageName: node
  linkType: hard

"cacheable@npm:^1.10.4":
  version: 1.10.4
  resolution: "cacheable@npm:1.10.4"
  dependencies:
    hookified: "npm:^1.11.0"
    keyv: "npm:^5.5.0"
  checksum: 10c0/80690b084cba1c52bf46ca4a8452bd192d0d37896a53899608908a553968711dbe78db144d99912b629952f6f03af5aaebe5958d503d3609c1bfe37cc5b899cc
  languageName: node
  linkType: hard

"call-bind-apply-helpers@npm:^1.0.1, call-bind-apply-helpers@npm:^1.0.2":
  version: 1.0.2
  resolution: "call-bind-apply-helpers@npm:1.0.2"
  dependencies:
    es-errors: "npm:^1.3.0"
    function-bind: "npm:^1.1.2"
  checksum: 10c0/47bd9901d57b857590431243fea704ff18078b16890a6b3e021e12d279bbf211d039155e27d7566b374d49ee1f8189344bac9833dec7a20cdec370506361c938
  languageName: node
  linkType: hard

"camelcase@npm:^5.0.0":
  version: 5.3.1
  resolution: "camelcase@npm:5.3.1"
  checksum: 10c0/92ff9b443bfe8abb15f2b1513ca182d16126359ad4f955ebc83dc4ddcc4ef3fdd2c078bc223f2673dc223488e75c99b16cc4d056624374b799e6a1555cf61b23
  languageName: node
  linkType: hard

"cliui@npm:^6.0.0":
  version: 6.0.0
  resolution: "cliui@npm:6.0.0"
  dependencies:
    string-width: "npm:^4.2.0"
    strip-ansi: "npm:^6.0.0"
    wrap-ansi: "npm:^6.2.0"
  checksum: 10c0/35229b1bb48647e882104cac374c9a18e34bbf0bace0e2cf03000326b6ca3050d6b59545d91e17bfe3705f4a0e2988787aa5cde6331bf5cbbf0164732cef6492
  languageName: node
  linkType: hard

"color-convert@npm:^2.0.1":
  version: 2.0.1
  resolution: "color-convert@npm:2.0.1"
  dependencies:
    color-name: "npm:~1.1.4"
  checksum: 10c0/37e1150172f2e311fe1b2df62c6293a342ee7380da7b9cfdba67ea539909afbd74da27033208d01d6d5cfc65ee7868a22e18d7e7648e004425441c0f8a15a7d7
  languageName: node
  linkType: hard

"color-name@npm:^1.0.0, color-name@npm:~1.1.4":
  version: 1.1.4
  resolution: "color-name@npm:1.1.4"
  checksum: 10c0/a1a3f914156960902f46f7f56bc62effc6c94e84b2cae157a526b1c1f74b677a47ec602bf68a61abfa2b42d15b7c5651c6dbe72a43af720bc588dff885b10f95
  languageName: node
  linkType: hard

"color-string@npm:^1.9.0":
  version: 1.9.1
  resolution: "color-string@npm:1.9.1"
  dependencies:
    color-name: "npm:^1.0.0"
    simple-swizzle: "npm:^0.2.2"
  checksum: 10c0/b0bfd74c03b1f837f543898b512f5ea353f71630ccdd0d66f83028d1f0924a7d4272deb278b9aef376cacf1289b522ac3fb175e99895283645a2dc3a33af2404
  languageName: node
  linkType: hard

"color@npm:^4.2.3":
  version: 4.2.3
  resolution: "color@npm:4.2.3"
  dependencies:
    color-convert: "npm:^2.0.1"
    color-string: "npm:^1.9.0"
  checksum: 10c0/7fbe7cfb811054c808349de19fb380252e5e34e61d7d168ec3353e9e9aacb1802674bddc657682e4e9730c2786592a4de6f8283e7e0d3870b829bb0b7b2f6118
  languageName: node
  linkType: hard

"combined-stream@npm:^1.0.8":
  version: 1.0.8
  resolution: "combined-stream@npm:1.0.8"
  dependencies:
    delayed-stream: "npm:~1.0.0"
  checksum: 10c0/0dbb829577e1b1e839fa82b40c07ffaf7de8a09b935cadd355a73652ae70a88b4320db322f6634a4ad93424292fa80973ac6480986247f1734a1137debf271d5
  languageName: node
  linkType: hard

"content-type@npm:^1.0.5":
  version: 1.0.5
  resolution: "content-type@npm:1.0.5"
  checksum: 10c0/b76ebed15c000aee4678c3707e0860cb6abd4e680a598c0a26e17f0bfae723ec9cc2802f0ff1bc6e4d80603719010431d2231018373d4dde10f9ccff9dadf5af
  languageName: node
  linkType: hard

"curve25519-js@npm:^0.0.4":
  version: 0.0.4
  resolution: "curve25519-js@npm:0.0.4"
  checksum: 10c0/5b6c3a0dcaf045588aa78c2d1113310bf93fda9c59bd533b2a06da807024eec92feb39b203d1db9c09eda94bba1252d507fb3901283d32898e43090546785ddd
  languageName: node
  linkType: hard

"debug@npm:^4.4.0, debug@npm:^4.4.1":
  version: 4.4.1
  resolution: "debug@npm:4.4.1"
  dependencies:
    ms: "npm:^2.1.3"
  peerDependenciesMeta:
    supports-color:
      optional: true
  checksum: 10c0/d2b44bc1afd912b49bb7ebb0d50a860dc93a4dd7d946e8de94abc957bb63726b7dd5aa48c18c2386c379ec024c46692e15ed3ed97d481729f929201e671fcd55
  languageName: node
  linkType: hard

"decamelize@npm:^1.2.0":
  version: 1.2.0
  resolution: "decamelize@npm:1.2.0"
  checksum: 10c0/85c39fe8fbf0482d4a1e224ef0119db5c1897f8503bcef8b826adff7a1b11414972f6fef2d7dec2ee0b4be3863cf64ac1439137ae9e6af23a3d8dcbe26a5b4b2
  languageName: node
  linkType: hard

"delayed-stream@npm:~1.0.0":
  version: 1.0.0
  resolution: "delayed-stream@npm:1.0.0"
  checksum: 10c0/d758899da03392e6712f042bec80aa293bbe9e9ff1b2634baae6a360113e708b91326594c8a486d475c69d6259afb7efacdc3537bfcda1c6c648e390ce601b19
  languageName: node
  linkType: hard

"detect-libc@npm:^2.0.4":
  version: 2.0.4
  resolution: "detect-libc@npm:2.0.4"
  checksum: 10c0/c15541f836eba4b1f521e4eecc28eefefdbc10a94d3b8cb4c507689f332cc111babb95deda66f2de050b22122113189986d5190be97d51b5a2b23b938415e67c
  languageName: node
  linkType: hard

"dijkstrajs@npm:^1.0.1":
  version: 1.0.3
  resolution: "dijkstrajs@npm:1.0.3"
  checksum: 10c0/2183d61ac1f25062f3c3773f3ea8d9f45ba164a00e77e07faf8cc5750da966222d1e2ce6299c875a80f969190c71a0973042192c5624d5223e4ed196ff584c99
  languageName: node
  linkType: hard

"dunder-proto@npm:^1.0.1":
  version: 1.0.1
  resolution: "dunder-proto@npm:1.0.1"
  dependencies:
    call-bind-apply-helpers: "npm:^1.0.1"
    es-errors: "npm:^1.3.0"
    gopd: "npm:^1.2.0"
  checksum: 10c0/199f2a0c1c16593ca0a145dbf76a962f8033ce3129f01284d48c45ed4e14fea9bbacd7b3610b6cdc33486cef20385ac054948fefc6272fcce645c09468f93031
  languageName: node
  linkType: hard

"emoji-regex@npm:^8.0.0":
  version: 8.0.0
  resolution: "emoji-regex@npm:8.0.0"
  checksum: 10c0/b6053ad39951c4cf338f9092d7bfba448cdfd46fe6a2a034700b149ac9ffbc137e361cbd3c442297f86bed2e5f7576c1b54cc0a6bf8ef5106cc62f496af35010
  languageName: node
  linkType: hard

"es-define-property@npm:^1.0.1":
  version: 1.0.1
  resolution: "es-define-property@npm:1.0.1"
  checksum: 10c0/3f54eb49c16c18707949ff25a1456728c883e81259f045003499efba399c08bad00deebf65cccde8c0e07908c1a225c9d472b7107e558f2a48e28d530e34527c
  languageName: node
  linkType: hard

"es-errors@npm:^1.3.0":
  version: 1.3.0
  resolution: "es-errors@npm:1.3.0"
  checksum: 10c0/0a61325670072f98d8ae3b914edab3559b6caa980f08054a3b872052640d91da01d38df55df797fcc916389d77fc92b8d5906cf028f4db46d7e3003abecbca85
  languageName: node
  linkType: hard

"es-object-atoms@npm:^1.0.0, es-object-atoms@npm:^1.1.1":
  version: 1.1.1
  resolution: "es-object-atoms@npm:1.1.1"
  dependencies:
    es-errors: "npm:^1.3.0"
  checksum: 10c0/65364812ca4daf48eb76e2a3b7a89b3f6a2e62a1c420766ce9f692665a29d94fe41fe88b65f24106f449859549711e4b40d9fb8002d862dfd7eb1c512d10be0c
  languageName: node
  linkType: hard

"es-set-tostringtag@npm:^2.1.0":
  version: 2.1.0
  resolution: "es-set-tostringtag@npm:2.1.0"
  dependencies:
    es-errors: "npm:^1.3.0"
    get-intrinsic: "npm:^1.2.6"
    has-tostringtag: "npm:^1.0.2"
    hasown: "npm:^2.0.2"
  checksum: 10c0/ef2ca9ce49afe3931cb32e35da4dcb6d86ab02592cfc2ce3e49ced199d9d0bb5085fc7e73e06312213765f5efa47cc1df553a6a5154584b21448e9fb8355b1af
  languageName: node
  linkType: hard

"fast-redact@npm:^3.1.1":
  version: 3.5.0
  resolution: "fast-redact@npm:3.5.0"
  checksum: 10c0/7e2ce4aad6e7535e0775bf12bd3e4f2e53d8051d8b630e0fa9e67f68cb0b0e6070d2f7a94b1d0522ef07e32f7c7cda5755e2b677a6538f1e9070ca053c42343a
  languageName: node
  linkType: hard

"fflate@npm:^0.8.2":
  version: 0.8.2
  resolution: "fflate@npm:0.8.2"
  checksum: 10c0/03448d630c0a583abea594835a9fdb2aaf7d67787055a761515bf4ed862913cfd693b4c4ffd5c3f3b355a70cf1e19033e9ae5aedcca103188aaff91b8bd6e293
  languageName: node
  linkType: hard

"file-type@npm:^21.0.0":
  version: 21.0.0
  resolution: "file-type@npm:21.0.0"
  dependencies:
    "@tokenizer/inflate": "npm:^0.2.7"
    strtok3: "npm:^10.2.2"
    token-types: "npm:^6.0.0"
    uint8array-extras: "npm:^1.4.0"
  checksum: 10c0/ee6b0bb5771ad154e236bb77b5c00907743fef3637c3825713c1d6913377d3d969ebba4a6f0aa854b8231552e2c1bd0387229fe67394dc3d08a01819c7d107b1
  languageName: node
  linkType: hard

"find-up@npm:^4.1.0":
  version: 4.1.0
  resolution: "find-up@npm:4.1.0"
  dependencies:
    locate-path: "npm:^5.0.0"
    path-exists: "npm:^4.0.0"
  checksum: 10c0/0406ee89ebeefa2d507feb07ec366bebd8a6167ae74aa4e34fb4c4abd06cf782a3ce26ae4194d70706f72182841733f00551c209fe575cb00bd92104056e78c1
  languageName: node
  linkType: hard

"follow-redirects@npm:^1.15.6":
  version: 1.15.11
  resolution: "follow-redirects@npm:1.15.11"
  peerDependenciesMeta:
    debug:
      optional: true
  checksum: 10c0/d301f430542520a54058d4aeeb453233c564aaccac835d29d15e050beb33f339ad67d9bddbce01739c5dc46a6716dbe3d9d0d5134b1ca203effa11a7ef092343
  languageName: node
  linkType: hard

"form-data@npm:^4.0.4":
  version: 4.0.4
  resolution: "form-data@npm:4.0.4"
  dependencies:
    asynckit: "npm:^0.4.0"
    combined-stream: "npm:^1.0.8"
    es-set-tostringtag: "npm:^2.1.0"
    hasown: "npm:^2.0.2"
    mime-types: "npm:^2.1.12"
  checksum: 10c0/373525a9a034b9d57073e55eab79e501a714ffac02e7a9b01be1c820780652b16e4101819785e1e18f8d98f0aee866cc654d660a435c378e16a72f2e7cac9695
  languageName: node
  linkType: hard

"function-bind@npm:^1.1.2":
  version: 1.1.2
  resolution: "function-bind@npm:1.1.2"
  checksum: 10c0/d8680ee1e5fcd4c197e4ac33b2b4dce03c71f4d91717292785703db200f5c21f977c568d28061226f9b5900cbcd2c84463646134fd5337e7925e0942bc3f46d5
  languageName: node
  linkType: hard

"get-caller-file@npm:^2.0.1":
  version: 2.0.5
  resolution: "get-caller-file@npm:2.0.5"
  checksum: 10c0/c6c7b60271931fa752aeb92f2b47e355eac1af3a2673f47c9589e8f8a41adc74d45551c1bc57b5e66a80609f10ffb72b6f575e4370d61cc3f7f3aaff01757cde
  languageName: node
  linkType: hard

"get-intrinsic@npm:^1.2.6":
  version: 1.3.0
  resolution: "get-intrinsic@npm:1.3.0"
  dependencies:
    call-bind-apply-helpers: "npm:^1.0.2"
    es-define-property: "npm:^1.0.1"
    es-errors: "npm:^1.3.0"
    es-object-atoms: "npm:^1.1.1"
    function-bind: "npm:^1.1.2"
    get-proto: "npm:^1.0.1"
    gopd: "npm:^1.2.0"
    has-symbols: "npm:^1.1.0"
    hasown: "npm:^2.0.2"
    math-intrinsics: "npm:^1.1.0"
  checksum: 10c0/52c81808af9a8130f581e6a6a83e1ba4a9f703359e7a438d1369a5267a25412322f03dcbd7c549edaef0b6214a0630a28511d7df0130c93cfd380f4fa0b5b66a
  languageName: node
  linkType: hard

"get-proto@npm:^1.0.1":
  version: 1.0.1
  resolution: "get-proto@npm:1.0.1"
  dependencies:
    dunder-proto: "npm:^1.0.1"
    es-object-atoms: "npm:^1.0.0"
  checksum: 10c0/9224acb44603c5526955e83510b9da41baf6ae73f7398875fba50edc5e944223a89c4a72b070fcd78beb5f7bdda58ecb6294adc28f7acfc0da05f76a2399643c
  languageName: node
  linkType: hard

"gopd@npm:^1.2.0":
  version: 1.2.0
  resolution: "gopd@npm:1.2.0"
  checksum: 10c0/50fff1e04ba2b7737c097358534eacadad1e68d24cccee3272e04e007bed008e68d2614f3987788428fd192a5ae3889d08fb2331417e4fc4a9ab366b2043cead
  languageName: node
  linkType: hard

"has-symbols@npm:^1.0.3, has-symbols@npm:^1.1.0":
  version: 1.1.0
  resolution: "has-symbols@npm:1.1.0"
  checksum: 10c0/dde0a734b17ae51e84b10986e651c664379018d10b91b6b0e9b293eddb32f0f069688c841fb40f19e9611546130153e0a2a48fd7f512891fb000ddfa36f5a20e
  languageName: node
  linkType: hard

"has-tostringtag@npm:^1.0.2":
  version: 1.0.2
  resolution: "has-tostringtag@npm:1.0.2"
  dependencies:
    has-symbols: "npm:^1.0.3"
  checksum: 10c0/a8b166462192bafe3d9b6e420a1d581d93dd867adb61be223a17a8d6dad147aa77a8be32c961bb2f27b3ef893cae8d36f564ab651f5e9b7938ae86f74027c48c
  languageName: node
  linkType: hard

"hasown@npm:^2.0.2":
  version: 2.0.2
  resolution: "hasown@npm:2.0.2"
  dependencies:
    function-bind: "npm:^1.1.2"
  checksum: 10c0/3769d434703b8ac66b209a4cca0737519925bbdb61dd887f93a16372b14694c63ff4e797686d87c90f08168e81082248b9b028bad60d4da9e0d1148766f56eb9
  languageName: node
  linkType: hard

"hookified@npm:^1.11.0":
  version: 1.12.0
  resolution: "hookified@npm:1.12.0"
  checksum: 10c0/2487cf6a26563e745971cd5fc96ceae10da9182ff30d5e057dd7100dbb93806d7bea11f2a80a09af0cc4a53feff65bc64a6fe568360ce86428ca1f1221ae0446
  languageName: node
  linkType: hard

"ieee754@npm:^1.2.1":
  version: 1.2.1
  resolution: "ieee754@npm:1.2.1"
  checksum: 10c0/b0782ef5e0935b9f12883a2e2aa37baa75da6e66ce6515c168697b42160807d9330de9a32ec1ed73149aea02e0d822e572bca6f1e22bdcbd2149e13b050b17bb
  languageName: node
  linkType: hard

"is-arrayish@npm:^0.3.1":
  version: 0.3.2
  resolution: "is-arrayish@npm:0.3.2"
  checksum: 10c0/f59b43dc1d129edb6f0e282595e56477f98c40278a2acdc8b0a5c57097c9eff8fe55470493df5775478cf32a4dc8eaf6d3a749f07ceee5bc263a78b2434f6a54
  languageName: node
  linkType: hard

"is-fullwidth-code-point@npm:^3.0.0":
  version: 3.0.0
  resolution: "is-fullwidth-code-point@npm:3.0.0"
  checksum: 10c0/bb11d825e049f38e04c06373a8d72782eee0205bda9d908cc550ccb3c59b99d750ff9537982e01733c1c94a58e35400661f57042158ff5e8f3e90cf936daf0fc
  languageName: node
  linkType: hard

"keyv@npm:^5.5.0":
  version: 5.5.0
  resolution: "keyv@npm:5.5.0"
  dependencies:
    "@keyv/serialize": "npm:^1.1.0"
  checksum: 10c0/2db63fd2abcdf71929f032569673b6edd0de111edb012411658e2589dc5f49793a98aecd56c67fafda3f90a31f32e35555a97f8621040728260c66ad8daeea48
  languageName: node
  linkType: hard

"libsignal@git+https://github.com/whiskeysockets/libsignal-node.git":
  version: 2.0.1
  resolution: "libsignal@https://github.com/whiskeysockets/libsignal-node.git#commit=4d08331a833727c338c1a90041d17b870210dfae"
  dependencies:
    curve25519-js: "npm:^0.0.4"
    protobufjs: "npm:6.8.8"
  checksum: 10c0/0c6bf1bb2255c3c4eb1e1c35f8a51b5a4b38b2c334178991add7f0e232ebc80c061d1571087348eaf57c34aa8db77d09bcf29eecbbe0c0a49b66aede546952ef
  languageName: node
  linkType: hard

"locate-path@npm:^5.0.0":
  version: 5.0.0
  resolution: "locate-path@npm:5.0.0"
  dependencies:
    p-locate: "npm:^4.1.0"
  checksum: 10c0/33a1c5247e87e022f9713e6213a744557a3e9ec32c5d0b5efb10aa3a38177615bf90221a5592674857039c1a0fd2063b82f285702d37b792d973e9e72ace6c59
  languageName: node
  linkType: hard

"long@npm:^4.0.0":
  version: 4.0.0
  resolution: "long@npm:4.0.0"
  checksum: 10c0/50a6417d15b06104dbe4e3d4a667c39b137f130a9108ea8752b352a4cfae047531a3ac351c181792f3f8768fe17cca6b0f406674a541a86fb638aaac560d83ed
  languageName: node
  linkType: hard

"long@npm:^5.0.0":
  version: 5.3.2
  resolution: "long@npm:5.3.2"
  checksum: 10c0/7130fe1cbce2dca06734b35b70d380ca3f70271c7f8852c922a7c62c86c4e35f0c39290565eca7133c625908d40e126ac57c02b1b1a4636b9457d77e1e60b981
  languageName: node
  linkType: hard

"lru-cache@npm:^11.1.0":
  version: 11.2.1
  resolution: "lru-cache@npm:11.2.1"
  checksum: 10c0/6f0e6b27f368d5e464e7813bd5b0af8f9a81a3a7ce2f40509841fdef07998b2588869f3e70edfbdb3bf705857f7bb21cca58fb01e1a1dc2440a83fcedcb7e8d8
  languageName: node
  linkType: hard

"math-intrinsics@npm:^1.1.0":
  version: 1.1.0
  resolution: "math-intrinsics@npm:1.1.0"
  checksum: 10c0/7579ff94e899e2f76ab64491d76cf606274c874d8f2af4a442c016bd85688927fcfca157ba6bf74b08e9439dc010b248ce05b96cc7c126a354c3bae7fcb48b7f
  languageName: node
  linkType: hard

"media-typer@npm:^1.1.0":
  version: 1.1.0
  resolution: "media-typer@npm:1.1.0"
  checksum: 10c0/7b4baa40b25964bb90e2121ee489ec38642127e48d0cc2b6baa442688d3fde6262bfdca86d6bbf6ba708784afcac168c06840c71facac70e390f5f759ac121b9
  languageName: node
  linkType: hard

"mime-db@npm:1.52.0":
  version: 1.52.0
  resolution: "mime-db@npm:1.52.0"
  checksum: 10c0/0557a01deebf45ac5f5777fe7740b2a5c309c6d62d40ceab4e23da9f821899ce7a900b7ac8157d4548ddbb7beffe9abc621250e6d182b0397ec7f10c7b91a5aa
  languageName: node
  linkType: hard

"mime-types@npm:^2.1.12":
  version: 2.1.35
  resolution: "mime-types@npm:2.1.35"
  dependencies:
    mime-db: "npm:1.52.0"
  checksum: 10c0/82fb07ec56d8ff1fc999a84f2f217aa46cb6ed1033fefaabd5785b9a974ed225c90dc72fff460259e66b95b73648596dbcc50d51ed69cdf464af2d237d3149b2
  languageName: node
  linkType: hard

"ms@npm:^2.1.3":
  version: 2.1.3
  resolution: "ms@npm:2.1.3"
  checksum: 10c0/d924b57e7312b3b63ad21fc5b3dc0af5e78d61a1fc7cfb5457edaf26326bf62be5307cc87ffb6862ef1c2b33b0233cdb5d4f01c4c958cc0d660948b65a287a48
  languageName: node
  linkType: hard

"music-metadata@npm:^11.7.0":
  version: 11.8.3
  resolution: "music-metadata@npm:11.8.3"
  dependencies:
    "@borewit/text-codec": "npm:^0.2.0"
    "@tokenizer/token": "npm:^0.3.0"
    content-type: "npm:^1.0.5"
    debug: "npm:^4.4.1"
    file-type: "npm:^21.0.0"
    media-typer: "npm:^1.1.0"
    strtok3: "npm:^10.3.4"
    token-types: "npm:^6.1.1"
    uint8array-extras: "npm:^1.4.1"
  checksum: 10c0/ce29aee57638b56032a7309168e757185befec506b2a4861b8ccaa8083210c520323b4b9b4499e8d750fc178ac23d1fd215042fcc0a2271d48612d7c9488d391
  languageName: node
  linkType: hard

"on-exit-leak-free@npm:^2.1.0":
  version: 2.1.2
  resolution: "on-exit-leak-free@npm:2.1.2"
  checksum: 10c0/faea2e1c9d696ecee919026c32be8d6a633a7ac1240b3b87e944a380e8a11dc9c95c4a1f8fb0568de7ab8db3823e790f12bda45296b1d111e341aad3922a0570
  languageName: node
  linkType: hard

"p-limit@npm:^2.2.0":
  version: 2.3.0
  resolution: "p-limit@npm:2.3.0"
  dependencies:
    p-try: "npm:^2.0.0"
  checksum: 10c0/8da01ac53efe6a627080fafc127c873da40c18d87b3f5d5492d465bb85ec7207e153948df6b9cbaeb130be70152f874229b8242ee2be84c0794082510af97f12
  languageName: node
  linkType: hard

"p-locate@npm:^4.1.0":
  version: 4.1.0
  resolution: "p-locate@npm:4.1.0"
  dependencies:
    p-limit: "npm:^2.2.0"
  checksum: 10c0/1b476ad69ad7f6059744f343b26d51ce091508935c1dbb80c4e0a2f397ffce0ca3a1f9f5cd3c7ce19d7929a09719d5c65fe70d8ee289c3f267cd36f2881813e9
  languageName: node
  linkType: hard

"p-try@npm:^2.0.0":
  version: 2.2.0
  resolution: "p-try@npm:2.2.0"
  checksum: 10c0/c36c19907734c904b16994e6535b02c36c2224d433e01a2f1ab777237f4d86e6289fd5fd464850491e940379d4606ed850c03e0f9ab600b0ebddb511312e177f
  languageName: node
  linkType: hard

"path-exists@npm:^4.0.0":
  version: 4.0.0
  resolution: "path-exists@npm:4.0.0"
  checksum: 10c0/8c0bd3f5238188197dc78dced15207a4716c51cc4e3624c44fc97acf69558f5ebb9a2afff486fe1b4ee148e0c133e96c5e11a9aa5c48a3006e3467da070e5e1b
  languageName: node
  linkType: hard

"pino-abstract-transport@npm:^2.0.0":
  version: 2.0.0
  resolution: "pino-abstract-transport@npm:2.0.0"
  dependencies:
    split2: "npm:^4.0.0"
  checksum: 10c0/02c05b8f2ffce0d7c774c8e588f61e8b77de8ccb5f8125afd4a7325c9ea0e6af7fb78168999657712ae843e4462bb70ac550dfd6284f930ee57f17f486f25a9f
  languageName: node
  linkType: hard

"pino-std-serializers@npm:^7.0.0":
  version: 7.0.0
  resolution: "pino-std-serializers@npm:7.0.0"
  checksum: 10c0/73e694d542e8de94445a03a98396cf383306de41fd75ecc07085d57ed7a57896198508a0dec6eefad8d701044af21eb27253ccc352586a03cf0d4a0bd25b4133
  languageName: node
  linkType: hard

"pino@npm:^9.6":
  version: 9.9.4
  resolution: "pino@npm:9.9.4"
  dependencies:
    atomic-sleep: "npm:^1.0.0"
    fast-redact: "npm:^3.1.1"
    on-exit-leak-free: "npm:^2.1.0"
    pino-abstract-transport: "npm:^2.0.0"
    pino-std-serializers: "npm:^7.0.0"
    process-warning: "npm:^5.0.0"
    quick-format-unescaped: "npm:^4.0.3"
    real-require: "npm:^0.2.0"
    safe-stable-stringify: "npm:^2.3.1"
    sonic-boom: "npm:^4.0.1"
    thread-stream: "npm:^3.0.0"
  bin:
    pino: bin.js
  checksum: 10c0/dde6cde45b569da42f5b1741f4242ec121e1e20125a41a7aa0c92104eabae45fe04f7692b29e7baf295bff63e1a69c65c1f39ec2aa3ed8139529894e75a9716b
  languageName: node
  linkType: hard

"pngjs@npm:^5.0.0":
  version: 5.0.0
  resolution: "pngjs@npm:5.0.0"
  checksum: 10c0/c074d8a94fb75e2defa8021e85356bf7849688af7d8ce9995b7394d57cd1a777b272cfb7c4bce08b8d10e71e708e7717c81fd553a413f21840c548ec9d4893c6
  languageName: node
  linkType: hard

"process-warning@npm:^5.0.0":
  version: 5.0.0
  resolution: "process-warning@npm:5.0.0"
  checksum: 10c0/941f48863d368ec161e0b5890ba0c6af94170078f3d6b5e915c19b36fb59edb0dc2f8e834d25e0d375a8bf368a49d490f080508842168832b93489d17843ec29
  languageName: node
  linkType: hard

"protobufjs@npm:6.8.8":
  version: 6.8.8
  resolution: "protobufjs@npm:6.8.8"
  dependencies:
    "@protobufjs/aspromise": "npm:^1.1.2"
    "@protobufjs/base64": "npm:^1.1.2"
    "@protobufjs/codegen": "npm:^2.0.4"
    "@protobufjs/eventemitter": "npm:^1.1.0"
    "@protobufjs/fetch": "npm:^1.1.0"
    "@protobufjs/float": "npm:^1.0.2"
    "@protobufjs/inquire": "npm:^1.1.0"
    "@protobufjs/path": "npm:^1.1.2"
    "@protobufjs/pool": "npm:^1.1.0"
    "@protobufjs/utf8": "npm:^1.1.0"
    "@types/long": "npm:^4.0.0"
    "@types/node": "npm:^10.1.0"
    long: "npm:^4.0.0"
  bin:
    pbjs: bin/pbjs
    pbts: bin/pbts
  checksum: 10c0/2511ed6089245b2102c333ac56190b104f8d8227972c00f041def8387abf841fded7b2cb7130063666b7bca84597a43005ea05c5f674132a0ddd5eb94a6e7916
  languageName: node
  linkType: hard

"protobufjs@npm:^7.2.4":
  version: 7.5.4
  resolution: "protobufjs@npm:7.5.4"
  dependencies:
    "@protobufjs/aspromise": "npm:^1.1.2"
    "@protobufjs/base64": "npm:^1.1.2"
    "@protobufjs/codegen": "npm:^2.0.4"
    "@protobufjs/eventemitter": "npm:^1.1.0"
    "@protobufjs/fetch": "npm:^1.1.0"
    "@protobufjs/float": "npm:^1.0.2"
    "@protobufjs/inquire": "npm:^1.1.0"
    "@protobufjs/path": "npm:^1.1.2"
    "@protobufjs/pool": "npm:^1.1.0"
    "@protobufjs/utf8": "npm:^1.1.0"
    "@types/node": "npm:>=13.7.0"
    long: "npm:^5.0.0"
  checksum: 10c0/913b676109ffb3c05d3d31e03a684e569be91f3bba8613da4a683d69d9dba948daa2afd7d2e7944d1aa6c417890c35d9d9a8883c1160affafb0f9670d59ef722
  languageName: node
  linkType: hard

"proxy-from-env@npm:^1.1.0":
  version: 1.1.0
  resolution: "proxy-from-env@npm:1.1.0"
  checksum: 10c0/fe7dd8b1bdbbbea18d1459107729c3e4a2243ca870d26d34c2c1bcd3e4425b7bcc5112362df2d93cc7fb9746f6142b5e272fd1cc5c86ddf8580175186f6ad42b
  languageName: node
  linkType: hard

"qrcode@npm:^1.5.4":
  version: 1.5.4
  resolution: "qrcode@npm:1.5.4"
  dependencies:
    dijkstrajs: "npm:^1.0.1"
    pngjs: "npm:^5.0.0"
    yargs: "npm:^15.3.1"
  bin:
    qrcode: bin/qrcode
  checksum: 10c0/ae1d57c9cff6099639a590b432c71b15e3bd3905ce4353e6d00c95dee6bb769a8f773f6a7575ecc1b8ed476bf79c5138a4a65cb380c682de3b926d7205d34d10
  languageName: node
  linkType: hard

"quick-format-unescaped@npm:^4.0.3":
  version: 4.0.4
  resolution: "quick-format-unescaped@npm:4.0.4"
  checksum: 10c0/fe5acc6f775b172ca5b4373df26f7e4fd347975578199e7d74b2ae4077f0af05baa27d231de1e80e8f72d88275ccc6028568a7a8c9ee5e7368ace0e18eff93a4
  languageName: node
  linkType: hard

"real-require@npm:^0.2.0":
  version: 0.2.0
  resolution: "real-require@npm:0.2.0"
  checksum: 10c0/23eea5623642f0477412ef8b91acd3969015a1501ed34992ada0e3af521d3c865bb2fe4cdbfec5fe4b505f6d1ef6a03e5c3652520837a8c3b53decff7e74b6a0
  languageName: node
  linkType: hard

"require-directory@npm:^2.1.1":
  version: 2.1.1
  resolution: "require-directory@npm:2.1.1"
  checksum: 10c0/83aa76a7bc1531f68d92c75a2ca2f54f1b01463cb566cf3fbc787d0de8be30c9dbc211d1d46be3497dac5785fe296f2dd11d531945ac29730643357978966e99
  languageName: node
  linkType: hard

"require-main-filename@npm:^2.0.0":
  version: 2.0.0
  resolution: "require-main-filename@npm:2.0.0"
  checksum: 10c0/db91467d9ead311b4111cbd73a4e67fa7820daed2989a32f7023785a2659008c6d119752d9c4ac011ae07e537eb86523adff99804c5fdb39cd3a017f9b401bb6
  languageName: node
  linkType: hard

"safe-stable-stringify@npm:^2.3.1":
  version: 2.5.0
  resolution: "safe-stable-stringify@npm:2.5.0"
  checksum: 10c0/baea14971858cadd65df23894a40588ed791769db21bafb7fd7608397dbdce9c5aac60748abae9995e0fc37e15f2061980501e012cd48859740796bea2987f49
  languageName: node
  linkType: hard

"semver@npm:^7.7.2":
  version: 7.7.2
  resolution: "semver@npm:7.7.2"
  bin:
    semver: bin/semver.js
  checksum: 10c0/aca305edfbf2383c22571cb7714f48cadc7ac95371b4b52362fb8eeffdfbc0de0669368b82b2b15978f8848f01d7114da65697e56cd8c37b0dab8c58e543f9ea
  languageName: node
  linkType: hard

"set-blocking@npm:^2.0.0":
  version: 2.0.0
  resolution: "set-blocking@npm:2.0.0"
  checksum: 10c0/9f8c1b2d800800d0b589de1477c753492de5c1548d4ade52f57f1d1f5e04af5481554d75ce5e5c43d4004b80a3eb714398d6907027dc0534177b7539119f4454
  languageName: node
  linkType: hard

"sharp@npm:^0.34.3":
  version: 0.34.3
  resolution: "sharp@npm:0.34.3"
  dependencies:
    "@img/sharp-darwin-arm64": "npm:0.34.3"
    "@img/sharp-darwin-x64": "npm:0.34.3"
    "@img/sharp-libvips-darwin-arm64": "npm:1.2.0"
    "@img/sharp-libvips-darwin-x64": "npm:1.2.0"
    "@img/sharp-libvips-linux-arm": "npm:1.2.0"
    "@img/sharp-libvips-linux-arm64": "npm:1.2.0"
    "@img/sharp-libvips-linux-ppc64": "npm:1.2.0"
    "@img/sharp-libvips-linux-s390x": "npm:1.2.0"
    "@img/sharp-libvips-linux-x64": "npm:1.2.0"
    "@img/sharp-libvips-linuxmusl-arm64": "npm:1.2.0"
    "@img/sharp-libvips-linuxmusl-x64": "npm:1.2.0"
    "@img/sharp-linux-arm": "npm:0.34.3"
    "@img/sharp-linux-arm64": "npm:0.34.3"
    "@img/sharp-linux-ppc64": "npm:0.34.3"
    "@img/sharp-linux-s390x": "npm:0.34.3"
    "@img/sharp-linux-x64": "npm:0.34.3"
    "@img/sharp-linuxmusl-arm64": "npm:0.34.3"
    "@img/sharp-linuxmusl-x64": "npm:0.34.3"
    "@img/sharp-wasm32": "npm:0.34.3"
    "@img/sharp-win32-arm64": "npm:0.34.3"
    "@img/sharp-win32-ia32": "npm:0.34.3"
    "@img/sharp-win32-x64": "npm:0.34.3"
    color: "npm:^4.2.3"
    detect-libc: "npm:^2.0.4"
    semver: "npm:^7.7.2"
  dependenciesMeta:
    "@img/sharp-darwin-arm64":
      optional: true
    "@img/sharp-darwin-x64":
      optional: true
    "@img/sharp-libvips-darwin-arm64":
      optional: true
    "@img/sharp-libvips-darwin-x64":
      optional: true
    "@img/sharp-libvips-linux-arm":
      optional: true
    "@img/sharp-libvips-linux-arm64":
      optional: true
    "@img/sharp-libvips-linux-ppc64":
      optional: true
    "@img/sharp-libvips-linux-s390x":
      optional: true
    "@img/sharp-libvips-linux-x64":
      optional: true
    "@img/sharp-libvips-linuxmusl-arm64":
      optional: true
    "@img/sharp-libvips-linuxmusl-x64":
      optional: true
    "@img/sharp-linux-arm":
      optional: true
    "@img/sharp-linux-arm64":
      optional: true
    "@img/sharp-linux-ppc64":
      optional: true
    "@img/sharp-linux-s390x":
      optional: true
    "@img/sharp-linux-x64":
      optional: true
    "@img/sharp-linuxmusl-arm64":
      optional: true
    "@img/sharp-linuxmusl-x64":
      optional: true
    "@img/sharp-wasm32":
      optional: true
    "@img/sharp-win32-arm64":
      optional: true
    "@img/sharp-win32-ia32":
      optional: true
    "@img/sharp-win32-x64":
      optional: true
  checksum: 10c0/df9e6645e3db6ed298a0ac956ba74e468c367fc038b547936fbdddc6a29fce9af40413acbef73b3716291530760f311a20e45c8983f20ee5ea69dd2f21464a2b
  languageName: node
  linkType: hard

"simple-swizzle@npm:^0.2.2":
  version: 0.2.2
  resolution: "simple-swizzle@npm:0.2.2"
  dependencies:
    is-arrayish: "npm:^0.3.1"
  checksum: 10c0/df5e4662a8c750bdba69af4e8263c5d96fe4cd0f9fe4bdfa3cbdeb45d2e869dff640beaaeb1ef0e99db4d8d2ec92f85508c269f50c972174851bc1ae5bd64308
  languageName: node
  linkType: hard

"sonic-boom@npm:^4.0.1":
  version: 4.2.0
  resolution: "sonic-boom@npm:4.2.0"
  dependencies:
    atomic-sleep: "npm:^1.0.0"
  checksum: 10c0/ae897e6c2cd6d3cb7cdcf608bc182393b19c61c9413a85ce33ffd25891485589f39bece0db1de24381d0a38fc03d08c9862ded0c60f184f1b852f51f97af9684
  languageName: node
  linkType: hard

"split2@npm:^4.0.0":
  version: 4.2.0
  resolution: "split2@npm:4.2.0"
  checksum: 10c0/b292beb8ce9215f8c642bb68be6249c5a4c7f332fc8ecadae7be5cbdf1ea95addc95f0459ef2e7ad9d45fd1064698a097e4eb211c83e772b49bc0ee423e91534
  languageName: node
  linkType: hard

"string-width@npm:^4.1.0, string-width@npm:^4.2.0":
  version: 4.2.3
  resolution: "string-width@npm:4.2.3"
  dependencies:
    emoji-regex: "npm:^8.0.0"
    is-fullwidth-code-point: "npm:^3.0.0"
    strip-ansi: "npm:^6.0.1"
  checksum: 10c0/1e525e92e5eae0afd7454086eed9c818ee84374bb80328fc41217ae72ff5f065ef1c9d7f72da41de40c75fa8bb3dee63d92373fd492c84260a552c636392a47b
  languageName: node
  linkType: hard

"strip-ansi@npm:^6.0.0, strip-ansi@npm:^6.0.1":
  version: 6.0.1
  resolution: "strip-ansi@npm:6.0.1"
  dependencies:
    ansi-regex: "npm:^5.0.1"
  checksum: 10c0/1ae5f212a126fe5b167707f716942490e3933085a5ff6c008ab97ab2f272c8025d3aa218b7bd6ab25729ca20cc81cddb252102f8751e13482a5199e873680952
  languageName: node
  linkType: hard

"strtok3@npm:^10.2.2, strtok3@npm:^10.3.4":
  version: 10.3.4
  resolution: "strtok3@npm:10.3.4"
  dependencies:
    "@tokenizer/token": "npm:^0.3.0"
  checksum: 10c0/277ab69e417f4545e364ffaf9d560c991f531045dbace32d77b5c822cccd76a608b782785a2c60595274288d4d32dced184a5c21dc20348791da697127dc69a8
  languageName: node
  linkType: hard

"thread-stream@npm:^3.0.0":
  version: 3.1.0
  resolution: "thread-stream@npm:3.1.0"
  dependencies:
    real-require: "npm:^0.2.0"
  checksum: 10c0/c36118379940b77a6ef3e6f4d5dd31e97b8210c3f7b9a54eb8fe6358ab173f6d0acfaf69b9c3db024b948c0c5fd2a7df93e2e49151af02076b35ada3205ec9a6
  languageName: node
  linkType: hard

"token-types@npm:^6.0.0, token-types@npm:^6.1.1":
  version: 6.1.1
  resolution: "token-types@npm:6.1.1"
  dependencies:
    "@borewit/text-codec": "npm:^0.1.0"
    "@tokenizer/token": "npm:^0.3.0"
    ieee754: "npm:^1.2.1"
  checksum: 10c0/e2405e7789d41693a09c478b53c47ffadd735a5f4c826d9885787d022ab10e26cc4a67b03593285748bf3b0c0237e0ea2ab268abcb953ea314727201d0f6504d
  languageName: node
  linkType: hard

"tslib@npm:^2.4.0":
  version: 2.8.1
  resolution: "tslib@npm:2.8.1"
  checksum: 10c0/9c4759110a19c53f992d9aae23aac5ced636e99887b51b9e61def52611732872ff7668757d4e4c61f19691e36f4da981cd9485e869b4a7408d689f6bf1f14e62
  languageName: node
  linkType: hard

"uint8array-extras@npm:^1.4.0, uint8array-extras@npm:^1.4.1":
  version: 1.5.0
  resolution: "uint8array-extras@npm:1.5.0"
  checksum: 10c0/0e74641ac7dadb02eadefc1ccdadba6010e007757bda824960de3c72bbe2b04e6d3af75648441f412148c4103261d54fcb60be45a2863beb76643a55fddba3bd
  languageName: node
  linkType: hard

"undici-types@npm:~7.10.0":
  version: 7.10.0
  resolution: "undici-types@npm:7.10.0"
  checksum: 10c0/8b00ce50e235fe3cc601307f148b5e8fb427092ee3b23e8118ec0a5d7f68eca8cee468c8fc9f15cbb2cf2a3797945ebceb1cbd9732306a1d00e0a9b6afa0f635
  languageName: node
  linkType: hard

"whats-bot@workspace:.":
  version: 0.0.0-use.local
  resolution: "whats-bot@workspace:."
  dependencies:
    baileys: "npm:^7.0.0-rc.2"
    qrcode: "npm:^1.5.4"
    sharp: "npm:^0.34.3"
  languageName: unknown
  linkType: soft

"which-module@npm:^2.0.0":
  version: 2.0.1
  resolution: "which-module@npm:2.0.1"
  checksum: 10c0/087038e7992649eaffa6c7a4f3158d5b53b14cf5b6c1f0e043dccfacb1ba179d12f17545d5b85ebd94a42ce280a6fe65d0cbcab70f4fc6daad1dfae85e0e6a3e
  languageName: node
  linkType: hard

"wrap-ansi@npm:^6.2.0":
  version: 6.2.0
  resolution: "wrap-ansi@npm:6.2.0"
  dependencies:
    ansi-styles: "npm:^4.0.0"
    string-width: "npm:^4.1.0"
    strip-ansi: "npm:^6.0.0"
  checksum: 10c0/baad244e6e33335ea24e86e51868fe6823626e3a3c88d9a6674642afff1d34d9a154c917e74af8d845fd25d170c4ea9cf69a47133c3f3656e1252b3d462d9f6c
  languageName: node
  linkType: hard

"ws@npm:^8.13.0":
  version: 8.18.3
  resolution: "ws@npm:8.18.3"
  peerDependencies:
    bufferutil: ^4.0.1
    utf-8-validate: ">=5.0.2"
  peerDependenciesMeta:
    bufferutil:
      optional: true
    utf-8-validate:
      optional: true
  checksum: 10c0/eac918213de265ef7cb3d4ca348b891a51a520d839aa51cdb8ca93d4fa7ff9f6ccb339ccee89e4075324097f0a55157c89fa3f7147bde9d8d7e90335dc087b53
  languageName: node
  linkType: hard

"y18n@npm:^4.0.0":
  version: 4.0.3
  resolution: "y18n@npm:4.0.3"
  checksum: 10c0/308a2efd7cc296ab2c0f3b9284fd4827be01cfeb647b3ba18230e3a416eb1bc887ac050de9f8c4fd9e7856b2e8246e05d190b53c96c5ad8d8cb56dffb6f81024
  languageName: node
  linkType: hard

"yargs-parser@npm:^18.1.2":
  version: 18.1.3
  resolution: "yargs-parser@npm:18.1.3"
  dependencies:
    camelcase: "npm:^5.0.0"
    decamelize: "npm:^1.2.0"
  checksum: 10c0/25df918833592a83f52e7e4f91ba7d7bfaa2b891ebf7fe901923c2ee797534f23a176913ff6ff7ebbc1cc1725a044cc6a6539fed8bfd4e13b5b16376875f9499
  languageName: node
  linkType: hard

"yargs@npm:^15.3.1":
  version: 15.4.1
  resolution: "yargs@npm:15.4.1"
  dependencies:
    cliui: "npm:^6.0.0"
    decamelize: "npm:^1.2.0"
    find-up: "npm:^4.1.0"
    get-caller-file: "npm:^2.0.1"
    require-directory: "npm:^2.1.1"
    require-main-filename: "npm:^2.0.0"
    set-blocking: "npm:^2.0.0"
    string-width: "npm:^4.2.0"
    which-module: "npm:^2.0.0"
    y18n: "npm:^4.0.0"
    yargs-parser: "npm:^18.1.2"
  checksum: 10c0/f1ca680c974333a5822732825cca7e95306c5a1e7750eb7b973ce6dc4f97a6b0a8837203c8b194f461969bfe1fb1176d1d423036635285f6010b392fa498ab2d
  languageName: node
  linkType: hard
